
Microsoft Visual Studio Solution File, Format Version 12.00
# Visual Studio 15
Project("{2150E333-8FDC-42A3-9474-1A3956D46DE8}") = "src", "src", "{30C6DD4E-187A-4F08-9DDA-2FBBF4E65137}"
EndProject
Project("{2150E333-8FDC-42A3-9474-1A3956D46DE8}") = "tests", "tests", "{A6B0C183-8CB3-410C-AC46-2D927ECBF0FF}"
EndProject
Project("{FAE04EC0-301F-11D3-BF4B-00C04F79EFBC}") = "MockRequest.Middleware.AspNetCore", "src\MockRequest.Middleware.AspNetCore\MockRequest.Middleware.AspNetCore.csproj", "{34158BF1-8F2D-4CB9-A88A-D252D6443D58}"
EndProject
Project("{FAE04EC0-301F-11D3-BF4B-00C04F79EFBC}") = "MockRequest.Middleware.AspNetCore.Tests", "tests\MockRequest.Middleware.AspNetCore.Tests\MockRequest.Middleware.AspNetCore.Tests.csproj", "{C4F618AF-7E9C-4E13-B1BB-DA77CD33CD75}"
EndProject
Global
	GlobalSection(SolutionConfigurationPlatforms) = preSolution
		Debug|Any CPU = Debug|Any CPU
		Release|Any CPU = Release|Any CPU
	EndGlobalSection
	GlobalSection(ProjectConfigurationPlatforms) = postSolution
		{34158BF1-8F2D-4CB9-A88A-D252D6443D58}.Debug|Any CPU.ActiveCfg = Debug|Any CPU
		{34158BF1-8F2D-4CB9-A88A-D252D6443D58}.Debug|Any CPU.Build.0 = Debug|Any CPU
		{34158BF1-8F2D-4CB9-A88A-D252D6443D58}.Release|Any CPU.ActiveCfg = Release|Any CPU
		{34158BF1-8F2D-4CB9-A88A-D252D6443D58}.Release|Any CPU.Build.0 = Release|Any CPU
		{C4F618AF-7E9C-4E13-B1BB-DA77CD33CD75}.Debug|Any CPU.ActiveCfg = Debug|Any CPU
		{C4F618AF-7E9C-4E13-B1BB-DA77CD33CD75}.Debug|Any CPU.Build.0 = Debug|Any CPU
		{C4F618AF-7E9C-4E13-B1BB-DA77CD33CD75}.Release|Any CPU.ActiveCfg = Release|Any CPU
		{C4F618AF-7E9C-4E13-B1BB-DA77CD33CD75}.Release|Any CPU.Build.0 = Release|Any CPU
	EndGlobalSection
	GlobalSection(NestedProjects) = preSolution
		{34158BF1-8F2D-4CB9-A88A-D252D6443D58} = {30C6DD4E-187A-4F08-9DDA-2FBBF4E65137}
		{C4F618AF-7E9C-4E13-B1BB-DA77CD33CD75} = {A6B0C183-8CB3-410C-AC46-2D927ECBF0FF}
	EndGlobalSection
EndGlobal
